
Microsoft Visual Studio Solution File, Format Version 12.00
# Visual Studio Version 16
VisualStudioVersion = 16.0.29418.71
MinimumVisualStudioVersion = 10.0.40219.1
Project("{FAE04EC0-301F-11D3-BF4B-00C04F79EFBC}") = "DemoORAndAND", "DemoORAndAND\DemoORAndAND.csproj", "{EA888BAA-4271-4B67-A082-6DEB88F58622}"
EndProject
Global
	GlobalSection(SolutionConfigurationPlatforms) = preSolution
		Debug|Any CPU = Debug|Any CPU
		Release|Any CPU = Release|Any CPU
	EndGlobalSection
	GlobalSection(ProjectConfigurationPlatforms) = postSolution
		{EA888BAA-4271-4B67-A082-6DEB88F58622}.Debug|Any CPU.ActiveCfg = Debug|Any CPU
		{EA888BAA-4271-4B67-A082-6DEB88F58622}.Debug|Any CPU.Build.0 = Debug|Any CPU
		{EA888BAA-4271-4B67-A082-6DEB88F58622}.Release|Any CPU.ActiveCfg = Release|Any CPU
		{EA888BAA-4271-4B67-A082-6DEB88F58622}.Release|Any CPU.Build.0 = Release|Any CPU
	EndGlobalSection
	GlobalSection(SolutionProperties) = preSolution
		HideSolutionNode = FALSE
	EndGlobalSection
	GlobalSection(ExtensibilityGlobals) = postSolution
		SolutionGuid = {28D667CB-88E6-4497-849C-962ABAA03231}
	EndGlobalSection
EndGlobal
